// !$*UTF8*$!
{
	archiveVersion = 1;
	classes = {
	};
	objectVersion = 77;
	objects = {

/* Begin PBXBuildFile section */
		C0B162012D074064000CBC46 /* RxSwift in Frameworks */ = {isa = PBXBuildFile; productRef = C0B162002D074064000CBC46 /* RxSwift */; };
		C0C8A8922D05BC4700E4669B /* Alamofire in Frameworks */ = {isa = PBXBuildFile; productRef = C0C8A8912D05BC4700E4669B /* Alamofire */; };
/* End PBXBuildFile section */

/* Begin PBXContainerItemProxy section */
		C0C8A8742D05B9A700E4669B /* PBXContainerItemProxy */ = {
			isa = PBXContainerItemProxy;
			containerPortal = C0C8A85B2D05B9A600E4669B /* Project object */;
			proxyType = 1;
			remoteGlobalIDString = C0C8A8622D05B9A600E4669B;
			remoteInfo = GeevTT;
		};
		C0C8A87E2D05B9A700E4669B /* PBXContainerItemProxy */ = {
			isa = PBXContainerItemProxy;
			containerPortal = C0C8A85B2D05B9A600E4669B /* Project object */;
			proxyType = 1;
			remoteGlobalIDString = C0C8A8622D05B9A600E4669B;
			remoteInfo = GeevTT;
		};
/* End PBXContainerItemProxy section */

/* Begin PBXFileReference section */
		C0C8A8632D05B9A600E4669B /* GeevTT.app */ = {isa = PBXFileReference; explicitFileType = wrapper.application; includeInIndex = 0; path = GeevTT.app; sourceTree = BUILT_PRODUCTS_DIR; };
		C0C8A8732D05B9A700E4669B /* GeevTTTests.xctest */ = {isa = PBXFileReference; explicitFileType = wrapper.cfbundle; includeInIndex = 0; path = GeevTTTests.xctest; sourceTree = BUILT_PRODUCTS_DIR; };
		C0C8A87D2D05B9A700E4669B /* GeevTTUITests.xctest */ = {isa = PBXFileReference; explicitFileType = wrapper.cfbundle; includeInIndex = 0; path = GeevTTUITests.xctest; sourceTree = BUILT_PRODUCTS_DIR; };
/* End PBXFileReference section */

/* Begin PBXFileSystemSynchronizedRootGroup section */
		C0C8A8652D05B9A600E4669B /* GeevTT */ = {
			isa = PBXFileSystemSynchronizedRootGroup;
			path = GeevTT;
			sourceTree = "<group>";
		};
		C0C8A8762D05B9A700E4669B /* GeevTTTests */ = {
			isa = PBXFileSystemSynchronizedRootGroup;
			path = GeevTTTests;
			sourceTree = "<group>";
		};
		C0C8A8802D05B9A700E4669B /* GeevTTUITests */ = {
			isa = PBXFileSystemSynchronizedRootGroup;
			path = GeevTTUITests;
			sourceTree = "<group>";
		};
/* End PBXFileSystemSynchronizedRootGroup section */

/* Begin PBXFrameworksBuildPhase section */
		C0C8A8602D05B9A600E4669B /* Frameworks */ = {
			isa = PBXFrameworksBuildPhase;
			buildActionMask = 2147483647;
			files = (
				C0B162012D074064000CBC46 /* RxSwift in Frameworks */,
				C0C8A8922D05BC4700E4669B /* Alamofire in Frameworks */,
			);
			runOnlyForDeploymentPostprocessing = 0;
		};
		C0C8A8702D05B9A700E4669B /* Frameworks */ = {
			isa = PBXFrameworksBuildPhase;
			buildActionMask = 2147483647;
			files = (
			);
			runOnlyForDeploymentPostprocessing = 0;
		};
		C0C8A87A2D05B9A700E4669B /* Frameworks */ = {
			isa = PBXFrameworksBuildPhase;
			buildActionMask = 2147483647;
			files = (
			);
			runOnlyForDeploymentPostprocessing = 0;
		};
/* End PBXFrameworksBuildPhase section */

/* Begin PBXGroup section */
		C0C8A85A2D05B9A600E4669B = {
			isa = PBXGroup;
			children = (
				C0C8A8652D05B9A600E4669B /* GeevTT */,
				C0C8A8762D05B9A700E4669B /* GeevTTTests */,
				C0C8A8802D05B9A700E4669B /* GeevTTUITests */,
				C0C8A8642D05B9A600E4669B /* Products */,
			);
			sourceTree = "<group>";
		};
		C0C8A8642D05B9A600E4669B /* Products */ = {
			isa = PBXGroup;
			children = (
				C0C8A8632D05B9A600E4669B /* GeevTT.app */,
				C0C8A8732D05B9A700E4669B /* GeevTTTests.xctest */,
				C0C8A87D2D05B9A700E4669B /* GeevTTUITests.xctest */,
			);
			name = Products;
			sourceTree = "<group>";
		};
/* End PBXGroup section */

/* Begin PBXNativeTarget section */
		C0C8A8622D05B9A600E4669B /* GeevTT */ = {
			isa = PBXNativeTarget;
			buildConfigurationList = C0C8A8872D05B9A700E4669B /* Build configuration list for PBXNativeTarget "GeevTT" */;
			buildPhases = (
				C0C8A85F2D05B9A600E4669B /* Sources */,
				C0C8A8602D05B9A600E4669B /* Frameworks */,
				C0C8A8612D05B9A600E4669B /* Resources */,
			);
			buildRules = (
			);
			dependencies = (
			);
			fileSystemSynchronizedGroups = (
				C0C8A8652D05B9A600E4669B /* GeevTT */,
			);
			name = GeevTT;
			packageProductDependencies = (
				C0C8A8912D05BC4700E4669B /* Alamofire */,
				C0B162002D074064000CBC46 /* RxSwift */,
			);
			productName = GeevTT;
			productReference = C0C8A8632D05B9A600E4669B /* GeevTT.app */;
			productType = "com.apple.product-type.application";
		};
		C0C8A8722D05B9A700E4669B /* GeevTTTests */ = {
			isa = PBXNativeTarget;
			buildConfigurationList = C0C8A88A2D05B9A700E4669B /* Build configuration list for PBXNativeTarget "GeevTTTests" */;
			buildPhases = (
				C0C8A86F2D05B9A700E4669B /* Sources */,
				C0C8A8702D05B9A700E4669B /* Frameworks */,
				C0C8A8712D05B9A700E4669B /* Resources */,
			);
			buildRules = (
			);
			dependencies = (
				C0C8A8752D05B9A700E4669B /* PBXTargetDependency */,
			);
			fileSystemSynchronizedGroups = (
				C0C8A8762D05B9A700E4669B /* GeevTTTests */,
			);
			name = GeevTTTests;
			packageProductDependencies = (
			);
			productName = GeevTTTests;
			productReference = C0C8A8732D05B9A700E4669B /* GeevTTTests.xctest */;
			productType = "com.apple.product-type.bundle.unit-test";
		};
		C0C8A87C2D05B9A700E4669B /* GeevTTUITests */ = {
			isa = PBXNativeTarget;
			buildConfigurationList = C0C8A88D2D05B9A700E4669B /* Build configuration list for PBXNativeTarget "GeevTTUITests" */;
			buildPhases = (
				C0C8A8792D05B9A700E4669B /* Sources */,
				C0C8A87A2D05B9A700E4669B /* Frameworks */,
				C0C8A87B2D05B9A700E4669B /* Resources */,
			);
			buildRules = (
			);
			dependencies = (
				C0C8A87F2D05B9A700E4669B /* PBXTargetDependency */,
			);
			fileSystemSynchronizedGroups = (
				C0C8A8802D05B9A700E4669B /* GeevTTUITests */,
			);
			name = GeevTTUITests;
			packageProductDependencies = (
			);
			productName = GeevTTUITests;
			productReference = C0C8A87D2D05B9A700E4669B /* GeevTTUITests.xctest */;
			productType = "com.apple.product-type.bundle.ui-testing";
		};
/* End PBXNativeTarget section */

/* Begin PBXProject section */
		C0C8A85B2D05B9A600E4669B /* Project object */ = {
			isa = PBXProject;
			attributes = {
				BuildIndependentTargetsInParallel = 1;
				LastSwiftUpdateCheck = 1610;
				LastUpgradeCheck = 1610;
				TargetAttributes = {
					C0C8A8622D05B9A600E4669B = {
						CreatedOnToolsVersion = 16.1;
					};
					C0C8A8722D05B9A700E4669B = {
						CreatedOnToolsVersion = 16.1;
						TestTargetID = C0C8A8622D05B9A600E4669B;
					};
					C0C8A87C2D05B9A700E4669B = {
						CreatedOnToolsVersion = 16.1;
						TestTargetID = C0C8A8622D05B9A600E4669B;
					};
				};
			};
			buildConfigurationList = C0C8A85E2D05B9A600E4669B /* Build configuration list for PBXProject "GeevTT" */;
			developmentRegion = fr;
			hasScannedForEncodings = 0;
			knownRegions = (
				fr,
			);
			mainGroup = C0C8A85A2D05B9A600E4669B;
			minimizedProjectReferenceProxies = 1;
			packageReferences = (
				C0C8A8902D05BC4600E4669B /* XCRemoteSwiftPackageReference "Alamofire" */,
				C0B161FF2D074064000CBC46 /* XCRemoteSwiftPackageReference "RxSwift" */,
			);
			preferredProjectObjectVersion = 77;
			productRefGroup = C0C8A8642D05B9A600E4669B /* Products */;
			projectDirPath = "";
			projectRoot = "";
			targets = (
				C0C8A8622D05B9A600E4669B /* GeevTT */,
				C0C8A8722D05B9A700E4669B /* GeevTTTests */,
				C0C8A87C2D05B9A700E4669B /* GeevTTUITests */,
			);
		};
/* End PBXProject section */

/* Begin PBXResourcesBuildPhase section */
		C0C8A8612D05B9A600E4669B /* Resources */ = {
			isa = PBXResourcesBuildPhase;
			buildActionMask = 2147483647;
			files = (
			);
			runOnlyForDeploymentPostprocessing = 0;
		};
		C0C8A8712D05B9A700E4669B /* Resources */ = {
			isa = PBXResourcesBuildPhase;
			buildActionMask = 2147483647;
			files = (
			);
			runOnlyForDeploymentPostprocessing = 0;
		};
		C0C8A87B2D05B9A700E4669B /* Resources */ = {
			isa = PBXResourcesBuildPhase;
			buildActionMask = 2147483647;
			files = (
			);
			runOnlyForDeploymentPostprocessing = 0;
		};
/* End PBXResourcesBuildPhase section */

/* Begin PBXSourcesBuildPhase section */
		C0C8A85F2D05B9A600E4669B /* Sources */ = {
			isa = PBXSourcesBuildPhase;
			buildActionMask = 2147483647;
			files = (
			);
			runOnlyForDeploymentPostprocessing = 0;
		};
		C0C8A86F2D05B9A700E4669B /* Sources */ = {
			isa = PBXSourcesBuildPhase;
			buildActionMask = 2147483647;
			files = (
			);
			runOnlyForDeploymentPostprocessing = 0;
		};
		C0C8A8792D05B9A700E4669B /* Sources */ = {
			isa = PBXSourcesBuildPhase;
			buildActionMask = 2147483647;
			files = (
			);
			runOnlyForDeploymentPostprocessing = 0;
		};
/* End PBXSourcesBuildPhase section */

/* Begin PBXTargetDependency section */
		C0C8A8752D05B9A700E4669B /* PBXTargetDependency */ = {
			isa = PBXTargetDependency;
			target = C0C8A8622D05B9A600E4669B /* GeevTT */;
			targetProxy = C0C8A8742D05B9A700E4669B /* PBXContainerItemProxy */;
		};
		C0C8A87F2D05B9A700E4669B /* PBXTargetDependency */ = {
			isa = PBXTargetDependency;
			target = C0C8A8622D05B9A600E4669B /* GeevTT */;
			targetProxy = C0C8A87E2D05B9A700E4669B /* PBXContainerItemProxy */;
		};
/* End PBXTargetDependency section */

/* Begin XCBuildConfiguration section */
		C0C8A8852D05B9A700E4669B /* Debug */ = {
			isa = XCBuildConfiguration;
			buildSettings = {
				ALWAYS_SEARCH_USER_PATHS = NO;
				ASSETCATALOG_COMPILER_GENERATE_SWIFT_ASSET_SYMBOL_EXTENSIONS = YES;
				CLANG_ANALYZER_NONNULL = YES;
				CLANG_ANALYZER_NUMBER_OBJECT_CONVERSION = YES_AGGRESSIVE;
				CLANG_CXX_LANGUAGE_STANDARD = "gnu++20";
				CLANG_ENABLE_MODULES = YES;
				CLANG_ENABLE_OBJC_ARC = YES;
				CLANG_ENABLE_OBJC_WEAK = YES;
				CLANG_WARN_BLOCK_CAPTURE_AUTORELEASING = YES;
				CLANG_WARN_BOOL_CONVERSION = YES;
				CLANG_WARN_COMMA = YES;
				CLANG_WARN_CONSTANT_CONVERSION = YES;
				CLANG_WARN_DEPRECATED_OBJC_IMPLEMENTATIONS = YES;
				CLANG_WARN_DIRECT_OBJC_ISA_USAGE = YES_ERROR;
				CLANG_WARN_DOCUMENTATION_COMMENTS = YES;
				CLANG_WARN_EMPTY_BODY = YES;
				CLANG_WARN_ENUM_CONVERSION = YES;
				CLANG_WARN_INFINITE_RECURSION = YES;
				CLANG_WARN_INT_CONVERSION = YES;
				CLANG_WARN_NON_LITERAL_NULL_CONVERSION = YES;
				CLANG_WARN_OBJC_IMPLICIT_RETAIN_SELF = YES;
				CLANG_WARN_OBJC_LITERAL_CONVERSION = YES;
				CLANG_WARN_OBJC_ROOT_CLASS = YES_ERROR;
				CLANG_WARN_QUOTED_INCLUDE_IN_FRAMEWORK_HEADER = YES;
				CLANG_WARN_RANGE_LOOP_ANALYSIS = YES;
				CLANG_WARN_STRICT_PROTOTYPES = YES;
				CLANG_WARN_SUSPICIOUS_MOVE = YES;
				CLANG_WARN_UNGUARDED_AVAILABILITY = YES_AGGRESSIVE;
				CLANG_WARN_UNREACHABLE_CODE = YES;
				CLANG_WARN__DUPLICATE_METHOD_MATCH = YES;
				COPY_PHASE_STRIP = NO;
				DEBUG_INFORMATION_FORMAT = dwarf;
				ENABLE_STRICT_OBJC_MSGSEND = YES;
				ENABLE_TESTABILITY = YES;
				ENABLE_USER_SCRIPT_SANDBOXING = YES;
				GCC_C_LANGUAGE_STANDARD = gnu17;
				GCC_DYNAMIC_NO_PIC = NO;
				GCC_NO_COMMON_BLOCKS = YES;
				GCC_OPTIMIZATION_LEVEL = 0;
				GCC_PREPROCESSOR_DEFINITIONS = (
					"DEBUG=1",
					"$(inherited)",
				);
				GCC_WARN_64_TO_32_BIT_CONVERSION = YES;
				GCC_WARN_ABOUT_RETURN_TYPE = YES_ERROR;
				GCC_WARN_UNDECLARED_SELECTOR = YES;
				GCC_WARN_UNINITIALIZED_AUTOS = YES_AGGRESSIVE;
				GCC_WARN_UNUSED_FUNCTION = YES;
				GCC_WARN_UNUSED_VARIABLE = YES;
				IPHONEOS_DEPLOYMENT_TARGET = 15.6;
				LOCALIZATION_PREFERS_STRING_CATALOGS = YES;
				MTL_ENABLE_DEBUG_INFO = INCLUDE_SOURCE;
				MTL_FAST_MATH = YES;
				ONLY_ACTIVE_ARCH = YES;
				SDKROOT = iphoneos;
				SWIFT_ACTIVE_COMPILATION_CONDITIONS = "DEBUG $(inherited)";
				SWIFT_OPTIMIZATION_LEVEL = "-Onone";
				SWIFT_TREAT_WARNINGS_AS_ERRORS = YES;
				SWIFT_VERSION = 6.0;
			};
			name = Debug;
		};
		C0C8A8862D05B9A700E4669B /* Release */ = {
			isa = XCBuildConfiguration;
			buildSettings = {
				ALWAYS_SEARCH_USER_PATHS = NO;
				ASSETCATALOG_COMPILER_GENERATE_SWIFT_ASSET_SYMBOL_EXTENSIONS = YES;
				CLANG_ANALYZER_NONNULL = YES;
				CLANG_ANALYZER_NUMBER_OBJECT_CONVERSION = YES_AGGRESSIVE;
				CLANG_CXX_LANGUAGE_STANDARD = "gnu++20";
				CLANG_ENABLE_MODULES = YES;
				CLANG_ENABLE_OBJC_ARC = YES;
				CLANG_ENABLE_OBJC_WEAK = YES;
				CLANG_WARN_BLOCK_CAPTURE_AUTORELEASING = YES;
				CLANG_WARN_BOOL_CONVERSION = YES;
				CLANG_WARN_COMMA = YES;
				CLANG_WARN_CONSTANT_CONVERSION = YES;
				CLANG_WARN_DEPRECATED_OBJC_IMPLEMENTATIONS = YES;
				CLANG_WARN_DIRECT_OBJC_ISA_USAGE = YES_ERROR;
				CLANG_WARN_DOCUMENTATION_COMMENTS = YES;
				CLANG_WARN_EMPTY_BODY = YES;
				CLANG_WARN_ENUM_CONVERSION = YES;
				CLANG_WARN_INFINITE_RECURSION = YES;
				CLANG_WARN_INT_CONVERSION = YES;
				CLANG_WARN_NON_LITERAL_NULL_CONVERSION = YES;
				CLANG_WARN_OBJC_IMPLICIT_RETAIN_SELF = YES;
				CLANG_WARN_OBJC_LITERAL_CONVERSION = YES;
				CLANG_WARN_OBJC_ROOT_CLASS = YES_ERROR;
				CLANG_WARN_QUOTED_INCLUDE_IN_FRAMEWORK_HEADER = YES;
				CLANG_WARN_RANGE_LOOP_ANALYSIS = YES;
				CLANG_WARN_STRICT_PROTOTYPES = YES;
				CLANG_WARN_SUSPICIOUS_MOVE = YES;
				CLANG_WARN_UNGUARDED_AVAILABILITY = YES_AGGRESSIVE;
				CLANG_WARN_UNREACHABLE_CODE = YES;
				CLANG_WARN__DUPLICATE_METHOD_MATCH = YES;
				COPY_PHASE_STRIP = NO;
				DEBUG_INFORMATION_FORMAT = "dwarf-with-dsym";
				ENABLE_NS_ASSERTIONS = NO;
				ENABLE_STRICT_OBJC_MSGSEND = YES;
				ENABLE_USER_SCRIPT_SANDBOXING = YES;
				GCC_C_LANGUAGE_STANDARD = gnu17;
				GCC_NO_COMMON_BLOCKS = YES;
				GCC_WARN_64_TO_32_BIT_CONVERSION = YES;
				GCC_WARN_ABOUT_RETURN_TYPE = YES_ERROR;
				GCC_WARN_UNDECLARED_SELECTOR = YES;
				GCC_WARN_UNINITIALIZED_AUTOS = YES_AGGRESSIVE;
				GCC_WARN_UNUSED_FUNCTION = YES;
				GCC_WARN_UNUSED_VARIABLE = YES;
				IPHONEOS_DEPLOYMENT_TARGET = 15.6;
				LOCALIZATION_PREFERS_STRING_CATALOGS = YES;
				MTL_ENABLE_DEBUG_INFO = NO;
				MTL_FAST_MATH = YES;
				SDKROOT = iphoneos;
				SWIFT_COMPILATION_MODE = wholemodule;
				SWIFT_TREAT_WARNINGS_AS_ERRORS = YES;
				SWIFT_VERSION = 6.0;
				VALIDATE_PRODUCT = YES;
			};
			name = Release;
		};
		C0C8A8882D05B9A700E4669B /* Debug */ = {
			isa = XCBuildConfiguration;
			buildSettings = {
				ASSETCATALOG_COMPILER_APPICON_NAME = AppIcon;
				ASSETCATALOG_COMPILER_GLOBAL_ACCENT_COLOR_NAME = AccentColor;
				CODE_SIGN_STYLE = Automatic;
				CURRENT_PROJECT_VERSION = 1;
				DEVELOPMENT_ASSET_PATHS = "\"GeevTT/assets/Preview Content\"";
				DEVELOPMENT_TEAM = 79R224R3TL;
				ENABLE_PREVIEWS = YES;
				GENERATE_INFOPLIST_FILE = YES;
				INFOPLIST_KEY_UIApplicationSceneManifest_Generation = YES;
				INFOPLIST_KEY_UIApplicationSupportsIndirectInputEvents = YES;
				INFOPLIST_KEY_UILaunchScreen_Generation = YES;
				INFOPLIST_KEY_UISupportedInterfaceOrientations = UIInterfaceOrientationPortrait;
				INFOPLIST_KEY_UIUserInterfaceStyle = Light;
				IPHONEOS_DEPLOYMENT_TARGET = 15.3;
				LD_RUNPATH_SEARCH_PATHS = (
					"$(inherited)",
					"@executable_path/Frameworks",
				);
				MARKETING_VERSION = 1.0;
				PRODUCT_BUNDLE_IDENTIFIER = com.pcc.GeevTT;
				PRODUCT_NAME = "$(TARGET_NAME)";
				SUPPORTED_PLATFORMS = "iphoneos iphonesimulator";
				SUPPORTS_MACCATALYST = NO;
				SUPPORTS_MAC_DESIGNED_FOR_IPHONE_IPAD = NO;
				SUPPORTS_XR_DESIGNED_FOR_IPHONE_IPAD = NO;
				SWIFT_EMIT_LOC_STRINGS = YES;
				SWIFT_VERSION = 5.0;
				TARGETED_DEVICE_FAMILY = 1;
			};
			name = Debug;
		};
		C0C8A8892D05B9A700E4669B /* Release */ = {
			isa = XCBuildConfiguration;
			buildSettings = {
				ASSETCATALOG_COMPILER_APPICON_NAME = AppIcon;
				ASSETCATALOG_COMPILER_GLOBAL_ACCENT_COLOR_NAME = AccentColor;
				CODE_SIGN_STYLE = Automatic;
				CURRENT_PROJECT_VERSION = 1;
				DEVELOPMENT_ASSET_PATHS = "\"GeevTT/assets/Preview Content\"";
				DEVELOPMENT_TEAM = 79R224R3TL;
				ENABLE_PREVIEWS = YES;
				GENERATE_INFOPLIST_FILE = YES;
				INFOPLIST_KEY_UIApplicationSceneManifest_Generation = YES;
				INFOPLIST_KEY_UIApplicationSupportsIndirectInputEvents = YES;
				INFOPLIST_KEY_UILaunchScreen_Generation = YES;
				INFOPLIST_KEY_UISupportedInterfaceOrientations = UIInterfaceOrientationPortrait;
				INFOPLIST_KEY_UIUserInterfaceStyle = Light;
				IPHONEOS_DEPLOYMENT_TARGET = 15.3;
				LD_RUNPATH_SEARCH_PATHS = (
					"$(inherited)",
					"@executable_path/Frameworks",
				);
				MARKETING_VERSION = 1.0;
				PRODUCT_BUNDLE_IDENTIFIER = com.pcc.GeevTT;
				PRODUCT_NAME = "$(TARGET_NAME)";
				SUPPORTED_PLATFORMS = "iphoneos iphonesimulator";
				SUPPORTS_MACCATALYST = NO;
				SUPPORTS_MAC_DESIGNED_FOR_IPHONE_IPAD = NO;
				SUPPORTS_XR_DESIGNED_FOR_IPHONE_IPAD = NO;
				SWIFT_EMIT_LOC_STRINGS = YES;
				SWIFT_VERSION = 5.0;
				TARGETED_DEVICE_FAMILY = 1;
			};
			name = Release;
		};
		C0C8A88B2D05B9A700E4669B /* Debug */ = {
			isa = XCBuildConfiguration;
			buildSettings = {
				BUNDLE_LOADER = "$(TEST_HOST)";
				CODE_SIGN_STYLE = Automatic;
				CURRENT_PROJECT_VERSION = 1;
				DEVELOPMENT_TEAM = 79R224R3TL;
				GENERATE_INFOPLIST_FILE = YES;
				IPHONEOS_DEPLOYMENT_TARGET = 18.1;
				MARKETING_VERSION = 1.0;
				PRODUCT_BUNDLE_IDENTIFIER = com.pcc.GeevTTTests;
				PRODUCT_NAME = "$(TARGET_NAME)";
				SWIFT_EMIT_LOC_STRINGS = NO;
				SWIFT_VERSION = 5.0;
				TARGETED_DEVICE_FAMILY = "1,2";
				TEST_HOST = "$(BUILT_PRODUCTS_DIR)/GeevTT.app/$(BUNDLE_EXECUTABLE_FOLDER_PATH)/GeevTT";
			};
			name = Debug;
		};
		C0C8A88C2D05B9A700E4669B /* Release */ = {
			isa = XCBuildConfiguration;
			buildSettings = {
				BUNDLE_LOADER = "$(TEST_HOST)";
				CODE_SIGN_STYLE = Automatic;
				CURRENT_PROJECT_VERSION = 1;
				DEVELOPMENT_TEAM = 79R224R3TL;
				GENERATE_INFOPLIST_FILE = YES;
				IPHONEOS_DEPLOYMENT_TARGET = 18.1;
				MARKETING_VERSION = 1.0;
				PRODUCT_BUNDLE_IDENTIFIER = com.pcc.GeevTTTests;
				PRODUCT_NAME = "$(TARGET_NAME)";
				SWIFT_EMIT_LOC_STRINGS = NO;
				SWIFT_VERSION = 5.0;
				TARGETED_DEVICE_FAMILY = "1,2";
				TEST_HOST = "$(BUILT_PRODUCTS_DIR)/GeevTT.app/$(BUNDLE_EXECUTABLE_FOLDER_PATH)/GeevTT";
			};
			name = Release;
		};
		C0C8A88E2D05B9A700E4669B /* Debug */ = {
			isa = XCBuildConfiguration;
			buildSettings = {
				CODE_SIGN_STYLE = Automatic;
				CURRENT_PROJECT_VERSION = 1;
				DEVELOPMENT_TEAM = 79R224R3TL;
				GENERATE_INFOPLIST_FILE = YES;
				MARKETING_VERSION = 1.0;
				PRODUCT_BUNDLE_IDENTIFIER = com.pcc.GeevTTUITests;
				PRODUCT_NAME = "$(TARGET_NAME)";
				SWIFT_EMIT_LOC_STRINGS = NO;
				SWIFT_VERSION = 5.0;
				TARGETED_DEVICE_FAMILY = "1,2";
				TEST_TARGET_NAME = GeevTT;
			};
			name = Debug;
		};
		C0C8A88F2D05B9A700E4669B /* Release */ = {
			isa = XCBuildConfiguration;
			buildSettings = {
				CODE_SIGN_STYLE = Automatic;
				CURRENT_PROJECT_VERSION = 1;
				DEVELOPMENT_TEAM = 79R224R3TL;
				GENERATE_INFOPLIST_FILE = YES;
				MARKETING_VERSION = 1.0;
				PRODUCT_BUNDLE_IDENTIFIER = com.pcc.GeevTTUITests;
				PRODUCT_NAME = "$(TARGET_NAME)";
				SWIFT_EMIT_LOC_STRINGS = NO;
				SWIFT_VERSION = 5.0;
				TARGETED_DEVICE_FAMILY = "1,2";
				TEST_TARGET_NAME = GeevTT;
			};
			name = Release;
		};
/* End XCBuildConfiguration section */

/* Begin XCConfigurationList section */
		C0C8A85E2D05B9A600E4669B /* Build configuration list for PBXProject "GeevTT" */ = {
			isa = XCConfigurationList;
			buildConfigurations = (
				C0C8A8852D05B9A700E4669B /* Debug */,
				C0C8A8862D05B9A700E4669B /* Release */,
			);
			defaultConfigurationIsVisible = 0;
			defaultConfigurationName = Release;
		};
		C0C8A8872D05B9A700E4669B /* Build configuration list for PBXNativeTarget "GeevTT" */ = {
			isa = XCConfigurationList;
			buildConfigurations = (
				C0C8A8882D05B9A700E4669B /* Debug */,
				C0C8A8892D05B9A700E4669B /* Release */,
			);
			defaultConfigurationIsVisible = 0;
			defaultConfigurationName = Release;
		};
		C0C8A88A2D05B9A700E4669B /* Build configuration list for PBXNativeTarget "GeevTTTests" */ = {
			isa = XCConfigurationList;
			buildConfigurations = (
				C0C8A88B2D05B9A700E4669B /* Debug */,
				C0C8A88C2D05B9A700E4669B /* Release */,
			);
			defaultConfigurationIsVisible = 0;
			defaultConfigurationName = Release;
		};
		C0C8A88D2D05B9A700E4669B /* Build configuration list for PBXNativeTarget "GeevTTUITests" */ = {
			isa = XCConfigurationList;
			buildConfigurations = (
				C0C8A88E2D05B9A700E4669B /* Debug */,
				C0C8A88F2D05B9A700E4669B /* Release */,
			);
			defaultConfigurationIsVisible = 0;
			defaultConfigurationName = Release;
		};
/* End XCConfigurationList section */

/* Begin XCRemoteSwiftPackageReference section */
		C0B161FF2D074064000CBC46 /* XCRemoteSwiftPackageReference "RxSwift" */ = {
			isa = XCRemoteSwiftPackageReference;
			repositoryURL = "https://github.com/ReactiveX/RxSwift.git";
			requirement = {
				kind = upToNextMajorVersion;
				minimumVersion = 6.8.0;
			};
		};
		C0C8A8902D05BC4600E4669B /* XCRemoteSwiftPackageReference "Alamofire" */ = {
			isa = XCRemoteSwiftPackageReference;
			repositoryURL = "https://github.com/Alamofire/Alamofire.git";
			requirement = {
				kind = upToNextMajorVersion;
				minimumVersion = 5.10.2;
			};
		};
/* End XCRemoteSwiftPackageReference section */

/* Begin XCSwiftPackageProductDependency section */
		C0B162002D074064000CBC46 /* RxSwift */ = {
			isa = XCSwiftPackageProductDependency;
			package = C0B161FF2D074064000CBC46 /* XCRemoteSwiftPackageReference "RxSwift" */;
			productName = RxSwift;
		};
		C0C8A8912D05BC4700E4669B /* Alamofire */ = {
			isa = XCSwiftPackageProductDependency;
			package = C0C8A8902D05BC4600E4669B /* XCRemoteSwiftPackageReference "Alamofire" */;
			productName = Alamofire;
		};
/* End XCSwiftPackageProductDependency section */
	};
	rootObject = C0C8A85B2D05B9A600E4669B /* Project object */;
}
